
Microsoft Visual Studio Solution File, Format Version 12.00
# Visual Studio Version 16
VisualStudioVersion = 16.0.32413.511
MinimumVisualStudioVersion = 10.0.40219.1
Project("{FAE04EC0-301F-11D3-BF4B-00C04F79EFBC}") = "mini_project_full", "mini_project_full.csproj", "{DD53D503-E080-46DB-B514-286757DFDF8A}"
EndProject
Global
	GlobalSection(SolutionConfigurationPlatforms) = preSolution
		Debug|Any CPU = Debug|Any CPU
		Release|Any CPU = Release|Any CPU
	EndGlobalSection
	GlobalSection(ProjectConfigurationPlatforms) = postSolution
		{DD53D503-E080-46DB-B514-286757DFDF8A}.Debug|Any CPU.ActiveCfg = Debug|Any CPU
		{DD53D503-E080-46DB-B514-286757DFDF8A}.Debug|Any CPU.Build.0 = Debug|Any CPU
		{DD53D503-E080-46DB-B514-286757DFDF8A}.Release|Any CPU.ActiveCfg = Release|Any CPU
		{DD53D503-E080-46DB-B514-286757DFDF8A}.Release|Any CPU.Build.0 = Release|Any CPU
	EndGlobalSection
	GlobalSection(SolutionProperties) = preSolution
		HideSolutionNode = FALSE
	EndGlobalSection
	GlobalSection(ExtensibilityGlobals) = postSolution
		SolutionGuid = {02B92050-2779-44AB-947D-336AB6F969BB}
	EndGlobalSection
EndGlobal
